
Microsoft Visual Studio Solution File, Format Version 12.00
# Visual Studio 15
VisualStudioVersion = 15.0.28307.329
MinimumVisualStudioVersion = 10.0.40219.1
Project("{FAE04EC0-301F-11D3-BF4B-00C04F79EFBC}") = "PruebaTecnica", "PruebaTecnica\PruebaTecnica.csproj", "{32567A3E-FAC9-4FD0-B13B-B818471CA39E}"
EndProject
Project("{FAE04EC0-301F-11D3-BF4B-00C04F79EFBC}") = "PruebaUnitaria", "PruebaUnitaria\PruebaUnitaria.csproj", "{3DAADCD5-9470-4274-ABFC-96FC729462C2}"
EndProject
Global
	GlobalSection(SolutionConfigurationPlatforms) = preSolution
		Debug|Any CPU = Debug|Any CPU
		Release|Any CPU = Release|Any CPU
	EndGlobalSection
	GlobalSection(ProjectConfigurationPlatforms) = postSolution
		{32567A3E-FAC9-4FD0-B13B-B818471CA39E}.Debug|Any CPU.ActiveCfg = Debug|Any CPU
		{32567A3E-FAC9-4FD0-B13B-B818471CA39E}.Debug|Any CPU.Build.0 = Debug|Any CPU
		{32567A3E-FAC9-4FD0-B13B-B818471CA39E}.Release|Any CPU.ActiveCfg = Release|Any CPU
		{32567A3E-FAC9-4FD0-B13B-B818471CA39E}.Release|Any CPU.Build.0 = Release|Any CPU
		{3DAADCD5-9470-4274-ABFC-96FC729462C2}.Debug|Any CPU.ActiveCfg = Debug|Any CPU
		{3DAADCD5-9470-4274-ABFC-96FC729462C2}.Debug|Any CPU.Build.0 = Debug|Any CPU
		{3DAADCD5-9470-4274-ABFC-96FC729462C2}.Release|Any CPU.ActiveCfg = Release|Any CPU
		{3DAADCD5-9470-4274-ABFC-96FC729462C2}.Release|Any CPU.Build.0 = Release|Any CPU
	EndGlobalSection
	GlobalSection(SolutionProperties) = preSolution
		HideSolutionNode = FALSE
	EndGlobalSection
	GlobalSection(ExtensibilityGlobals) = postSolution
		SolutionGuid = {755D71AF-4503-413F-AC8A-448A1FA11F81}
	EndGlobalSection
EndGlobal
